{
  "name": "zenn-docs",
  "version": "0.0.1",
  "lockfileVersion": 2,
  "requires": true,
  "packages": {
    "": {
      "name": "zenn-docs",
      "version": "0.0.1",
      "license": "MIT",
      "devDependencies": {
        "zenn-cli": "^0.1.133"
      }
    },
    "node_modules/zenn-cli": {
      "version": "0.1.133",
      "resolved": "https://registry.npmjs.org/zenn-cli/-/zenn-cli-0.1.133.tgz",
      "integrity": "sha512-J9ufo60rsSEx6PR4MUve0IwMdfPGmc7upDLy1HmwIOkFqzbA2qF4AjubNvP6toloZbt7IGTOwUZR2Y5tsT+jsw==",
      "dev": true,
      "bin": {
        "zenn": "dist/server/zenn.js"
      },
      "engines": {
        "node": ">=14.0.0"
      }
    }
  },
  "dependencies": {
    "zenn-cli": {
      "version": "0.1.133",
      "resolved": "https://registry.npmjs.org/zenn-cli/-/zenn-cli-0.1.133.tgz",
      "integrity": "sha512-J9ufo60rsSEx6PR4MUve0IwMdfPGmc7upDLy1HmwIOkFqzbA2qF4AjubNvP6toloZbt7IGTOwUZR2Y5tsT+jsw==",
      "dev": true
    }
  }
}
